
Microsoft Visual Studio Solution File, Format Version 12.00
# Visual Studio Version 17
VisualStudioVersion = 17.9.34723.18
MinimumVisualStudioVersion = 10.0.40219.1
Project("{9A19103F-16F7-4668-BE54-9A1E7A4F7556}") = "EcommerceB.Modelo", "EcommerceB.Model\EcommerceB.Modelo.csproj", "{7ED33440-179F-4716-A85F-0BD984679F37}"
EndProject
Project("{9A19103F-16F7-4668-BE54-9A1E7A4F7556}") = "EcommerceB.Repositorio", "EcommerceB.Repositorio\EcommerceB.Repositorio.csproj", "{5B5DBB57-5BFC-429B-AB1B-AFB87C802B2F}"
EndProject
Project("{9A19103F-16F7-4668-BE54-9A1E7A4F7556}") = "EcommerceB.Servicio", "EcommerceB.Servicio\EcommerceB.Servicio.csproj", "{463E3566-4A1F-4885-A8BC-B151AB43E9AD}"
EndProject
Project("{9A19103F-16F7-4668-BE54-9A1E7A4F7556}") = "EcommerceB.DTO", "EcommerceB.DTO\EcommerceB.DTO.csproj", "{87A94BFC-2E49-4B71-919E-D83425CA00BE}"
EndProject
Project("{9A19103F-16F7-4668-BE54-9A1E7A4F7556}") = "EcommerceB.Utilidades", "EcommerceB.Utilidades\EcommerceB.Utilidades.csproj", "{8BF2CA98-747B-4F48-8D36-29029F9C7525}"
EndProject
Project("{9A19103F-16F7-4668-BE54-9A1E7A4F7556}") = "EcommerceB.API", "EcommerceB.API\EcommerceB.API.csproj", "{62B72830-C0B6-49DB-94E9-48F2B2313A58}"
EndProject
Project("{9A19103F-16F7-4668-BE54-9A1E7A4F7556}") = "EcommerceB.WebAssembly", "EcommerceB.WebAssembly\EcommerceB.WebAssembly.csproj", "{0FE246EE-E8B7-4721-9379-C6FA2627352E}"
EndProject
Global
	GlobalSection(SolutionConfigurationPlatforms) = preSolution
		Debug|Any CPU = Debug|Any CPU
		Release|Any CPU = Release|Any CPU
	EndGlobalSection
	GlobalSection(ProjectConfigurationPlatforms) = postSolution
		{7ED33440-179F-4716-A85F-0BD984679F37}.Debug|Any CPU.ActiveCfg = Debug|Any CPU
		{7ED33440-179F-4716-A85F-0BD984679F37}.Debug|Any CPU.Build.0 = Debug|Any CPU
		{7ED33440-179F-4716-A85F-0BD984679F37}.Release|Any CPU.ActiveCfg = Release|Any CPU
		{7ED33440-179F-4716-A85F-0BD984679F37}.Release|Any CPU.Build.0 = Release|Any CPU
		{5B5DBB57-5BFC-429B-AB1B-AFB87C802B2F}.Debug|Any CPU.ActiveCfg = Debug|Any CPU
		{5B5DBB57-5BFC-429B-AB1B-AFB87C802B2F}.Debug|Any CPU.Build.0 = Debug|Any CPU
		{5B5DBB57-5BFC-429B-AB1B-AFB87C802B2F}.Release|Any CPU.ActiveCfg = Release|Any CPU
		{5B5DBB57-5BFC-429B-AB1B-AFB87C802B2F}.Release|Any CPU.Build.0 = Release|Any CPU
		{463E3566-4A1F-4885-A8BC-B151AB43E9AD}.Debug|Any CPU.ActiveCfg = Debug|Any CPU
		{463E3566-4A1F-4885-A8BC-B151AB43E9AD}.Debug|Any CPU.Build.0 = Debug|Any CPU
		{463E3566-4A1F-4885-A8BC-B151AB43E9AD}.Release|Any CPU.ActiveCfg = Release|Any CPU
		{463E3566-4A1F-4885-A8BC-B151AB43E9AD}.Release|Any CPU.Build.0 = Release|Any CPU
		{87A94BFC-2E49-4B71-919E-D83425CA00BE}.Debug|Any CPU.ActiveCfg = Debug|Any CPU
		{87A94BFC-2E49-4B71-919E-D83425CA00BE}.Debug|Any CPU.Build.0 = Debug|Any CPU
		{87A94BFC-2E49-4B71-919E-D83425CA00BE}.Release|Any CPU.ActiveCfg = Release|Any CPU
		{87A94BFC-2E49-4B71-919E-D83425CA00BE}.Release|Any CPU.Build.0 = Release|Any CPU
		{8BF2CA98-747B-4F48-8D36-29029F9C7525}.Debug|Any CPU.ActiveCfg = Debug|Any CPU
		{8BF2CA98-747B-4F48-8D36-29029F9C7525}.Debug|Any CPU.Build.0 = Debug|Any CPU
		{8BF2CA98-747B-4F48-8D36-29029F9C7525}.Release|Any CPU.ActiveCfg = Release|Any CPU
		{8BF2CA98-747B-4F48-8D36-29029F9C7525}.Release|Any CPU.Build.0 = Release|Any CPU
		{62B72830-C0B6-49DB-94E9-48F2B2313A58}.Debug|Any CPU.ActiveCfg = Debug|Any CPU
		{62B72830-C0B6-49DB-94E9-48F2B2313A58}.Debug|Any CPU.Build.0 = Debug|Any CPU
		{62B72830-C0B6-49DB-94E9-48F2B2313A58}.Release|Any CPU.ActiveCfg = Release|Any CPU
		{62B72830-C0B6-49DB-94E9-48F2B2313A58}.Release|Any CPU.Build.0 = Release|Any CPU
		{0FE246EE-E8B7-4721-9379-C6FA2627352E}.Debug|Any CPU.ActiveCfg = Debug|Any CPU
		{0FE246EE-E8B7-4721-9379-C6FA2627352E}.Debug|Any CPU.Build.0 = Debug|Any CPU
		{0FE246EE-E8B7-4721-9379-C6FA2627352E}.Release|Any CPU.ActiveCfg = Release|Any CPU
		{0FE246EE-E8B7-4721-9379-C6FA2627352E}.Release|Any CPU.Build.0 = Release|Any CPU
	EndGlobalSection
	GlobalSection(SolutionProperties) = preSolution
		HideSolutionNode = FALSE
	EndGlobalSection
	GlobalSection(ExtensibilityGlobals) = postSolution
		SolutionGuid = {AE769966-9425-4CC7-B5EB-2D4F2A584969}
	EndGlobalSection
EndGlobal
